
Microsoft Visual Studio Solution File, Format Version 12.00
# Visual Studio Version 17
VisualStudioVersion = 17.2.32630.192
MinimumVisualStudioVersion = 10.0.40219.1
Project("{FAE04EC0-301F-11D3-BF4B-00C04F79EFBC}") = "ABMLibros", "ABMLibros.csproj", "{106A943F-A926-488D-93B1-62CE56461FEB}"
EndProject
Global
	GlobalSection(SolutionConfigurationPlatforms) = preSolution
		Debug|Any CPU = Debug|Any CPU
		Release|Any CPU = Release|Any CPU
	EndGlobalSection
	GlobalSection(ProjectConfigurationPlatforms) = postSolution
		{106A943F-A926-488D-93B1-62CE56461FEB}.Debug|Any CPU.ActiveCfg = Debug|Any CPU
		{106A943F-A926-488D-93B1-62CE56461FEB}.Debug|Any CPU.Build.0 = Debug|Any CPU
		{106A943F-A926-488D-93B1-62CE56461FEB}.Release|Any CPU.ActiveCfg = Release|Any CPU
		{106A943F-A926-488D-93B1-62CE56461FEB}.Release|Any CPU.Build.0 = Release|Any CPU
	EndGlobalSection
	GlobalSection(SolutionProperties) = preSolution
		HideSolutionNode = FALSE
	EndGlobalSection
	GlobalSection(ExtensibilityGlobals) = postSolution
		SolutionGuid = {D8AA6183-C3C0-44BA-A9B6-94420FE88343}
	EndGlobalSection
EndGlobal
