
Microsoft Visual Studio Solution File, Format Version 12.00
# Visual Studio Version 17
VisualStudioVersion = 17.5.33414.496
MinimumVisualStudioVersion = 10.0.40219.1
Project("{FAE04EC0-301F-11D3-BF4B-00C04F79EFBC}") = "AppPrimerEjercicio", "AppPrimerEjercicio.csproj", "{8308EFC7-0F16-4098-9F71-11C28F3CD631}"
EndProject
Global
	GlobalSection(SolutionConfigurationPlatforms) = preSolution
		Debug|Any CPU = Debug|Any CPU
		Release|Any CPU = Release|Any CPU
	EndGlobalSection
	GlobalSection(ProjectConfigurationPlatforms) = postSolution
		{8308EFC7-0F16-4098-9F71-11C28F3CD631}.Debug|Any CPU.ActiveCfg = Debug|Any CPU
		{8308EFC7-0F16-4098-9F71-11C28F3CD631}.Debug|Any CPU.Build.0 = Debug|Any CPU
		{8308EFC7-0F16-4098-9F71-11C28F3CD631}.Release|Any CPU.ActiveCfg = Release|Any CPU
		{8308EFC7-0F16-4098-9F71-11C28F3CD631}.Release|Any CPU.Build.0 = Release|Any CPU
	EndGlobalSection
	GlobalSection(SolutionProperties) = preSolution
		HideSolutionNode = FALSE
	EndGlobalSection
	GlobalSection(ExtensibilityGlobals) = postSolution
		SolutionGuid = {0021E6DF-E8B0-4240-A1DC-8B81D3B18F86}
	EndGlobalSection
EndGlobal
