
Microsoft Visual Studio Solution File, Format Version 12.00
# Visual Studio Version 17
VisualStudioVersion = 17.7.34031.279
MinimumVisualStudioVersion = 10.0.40219.1
Project("{9A19103F-16F7-4668-BE54-9A1E7A4F7556}") = "CarpinteriaBack", "PresupuestoBack\CarpinteriaBack.csproj", "{293F929A-E59B-40BE-B1D5-A13AB4E2D9FF}"
EndProject
Project("{9A19103F-16F7-4668-BE54-9A1E7A4F7556}") = "CarpinteriaApiREST", "PresupuestosWebApi\CarpinteriaApiREST.csproj", "{FEBD4358-C0B8-4C75-88D4-2261DF2607C8}"
EndProject
Project("{FAE04EC0-301F-11D3-BF4B-00C04F79EFBC}") = "CarpinteriaFront", "CarpinteriaFront\CarpinteriaFront.csproj", "{9F6C3A52-D5B0-4417-A075-FBDE3D61A0F5}"
EndProject
Global
	GlobalSection(SolutionConfigurationPlatforms) = preSolution
		Debug|Any CPU = Debug|Any CPU
		Release|Any CPU = Release|Any CPU
	EndGlobalSection
	GlobalSection(ProjectConfigurationPlatforms) = postSolution
		{293F929A-E59B-40BE-B1D5-A13AB4E2D9FF}.Debug|Any CPU.ActiveCfg = Debug|Any CPU
		{293F929A-E59B-40BE-B1D5-A13AB4E2D9FF}.Debug|Any CPU.Build.0 = Debug|Any CPU
		{293F929A-E59B-40BE-B1D5-A13AB4E2D9FF}.Release|Any CPU.ActiveCfg = Release|Any CPU
		{293F929A-E59B-40BE-B1D5-A13AB4E2D9FF}.Release|Any CPU.Build.0 = Release|Any CPU
		{FEBD4358-C0B8-4C75-88D4-2261DF2607C8}.Debug|Any CPU.ActiveCfg = Debug|Any CPU
		{FEBD4358-C0B8-4C75-88D4-2261DF2607C8}.Debug|Any CPU.Build.0 = Debug|Any CPU
		{FEBD4358-C0B8-4C75-88D4-2261DF2607C8}.Release|Any CPU.ActiveCfg = Release|Any CPU
		{FEBD4358-C0B8-4C75-88D4-2261DF2607C8}.Release|Any CPU.Build.0 = Release|Any CPU
		{9F6C3A52-D5B0-4417-A075-FBDE3D61A0F5}.Debug|Any CPU.ActiveCfg = Debug|Any CPU
		{9F6C3A52-D5B0-4417-A075-FBDE3D61A0F5}.Debug|Any CPU.Build.0 = Debug|Any CPU
		{9F6C3A52-D5B0-4417-A075-FBDE3D61A0F5}.Release|Any CPU.ActiveCfg = Release|Any CPU
		{9F6C3A52-D5B0-4417-A075-FBDE3D61A0F5}.Release|Any CPU.Build.0 = Release|Any CPU
	EndGlobalSection
	GlobalSection(SolutionProperties) = preSolution
		HideSolutionNode = FALSE
	EndGlobalSection
	GlobalSection(ExtensibilityGlobals) = postSolution
		SolutionGuid = {AC15E7CD-0BDD-4681-AAE2-10FE1C482A7B}
	EndGlobalSection
EndGlobal
